# THIS IS AN AUTOGENERATED FILE. DO NOT EDIT THIS FILE DIRECTLY.
# yarn lockfile v1


"@angular/core@^11.0.4":
  "integrity" "sha512-vpR4XqBGitk1Faph37CSpemwIYTmJ3pdIVNoHKP6jLonpWu+0azkchf0f7oD8/2ivj2F81opcIw0tcsy/D/5Vg=="
  "resolved" "https://registry.npmjs.org/@angular/core/-/core-11.2.14.tgz"
  "version" "11.2.14"
  dependencies:
    "tslib" "^2.0.0"

"@babel/runtime@^7.12.1":
  "integrity" "sha512-38Y8f7YUhce/K7RMwTp7m0uCumpv9hZkitCbBClqQIow1qSbCvGkcegKOXpEWCQLfWmevgRiWokZ1GkpfhbZug=="
  "resolved" "https://registry.npmjs.org/@babel/runtime/-/runtime-7.18.3.tgz"
  "version" "7.18.3"
  dependencies:
    "regenerator-runtime" "^0.13.4"

"@daypilot/daypilot-lite-javascript@^3.5.0":
  "integrity" "sha512-Qto0tXwW6u67+DHCH56tWcbVNhMWg/QDXno6eAs5w1/NZjYA2VRUZyHHQqOFbIzq46lP+zhxAssgAJZK1Bk7rA=="
  "resolved" "https://registry.npmjs.org/@daypilot/daypilot-lite-javascript/-/daypilot-lite-javascript-3.5.0.tgz"
  "version" "3.5.0"

"@daypilot/daypilot-lite-vue@^3.5.0":
  "integrity" "sha512-6rZnr7VJAeb9cqrj3kBy696DeuqMRH3SQPpGgJxbRdrnsAi8gkEGgdJuI8+unL8YnUEPYy9IxfVtuoBikJy9fg=="
  "resolved" "https://registry.npmjs.org/@daypilot/daypilot-lite-vue/-/daypilot-lite-vue-3.5.0.tgz"
  "version" "3.5.0"

"@devexpress/utils@1.3.13":
  "integrity" "sha512-DaTNDLcyepRegwKCWrikP+6WH0cY6/gVSLC/wd6o6AhuTpn6jrXEYcJm50+DwUSwAPVyoQcp6iYRTD1BdITrBQ=="
  "resolved" "https://registry.npmjs.org/@devexpress/utils/-/utils-1.3.13.tgz"
  "version" "1.3.13"
  dependencies:
    "tslib" "2.0.1"

"@devexpress/utils@1.3.14":
  "integrity" "sha512-vJmUq9Rg6wqYPuZ7qvTHBsd6vkGBj5ZCMzNUJIRWIZPuQfGt576cMqDOD68EQyy/5EBqwowtoYgFdQ1a/1iVpA=="
  "resolved" "https://registry.npmjs.org/@devexpress/utils/-/utils-1.3.14.tgz"
  "version" "1.3.14"
  dependencies:
    "tslib" "2.0.1"

"@devextreme/runtime@~2.3.14":
  "integrity" "sha512-svMPzYI7torLp1PLs5CmZqkEfJSaJvmZq9VsgJMJIZCe6a9KzI1iZb6J9xPeYNBxtXl0VDTGes7sL6DjH0aFYA=="
  "resolved" "https://registry.npmjs.org/@devextreme/runtime/-/runtime-2.3.14.tgz"
  "version" "2.3.14"
  dependencies:
    "inferno" "^7.4.6"
    "inferno-compat" "^7.4.6"
    "inferno-create-element" "^7.4.6"
    "inferno-hydrate" "^7.4.6"

"@nuxt/opencollective@^0.3.2":
  "integrity" "sha512-6IKCd+gP0HliixqZT/p8nW3tucD6Sv/u/eR2A9X4rxT/6hXlMzA4GZQzq4d2qnBAwSwGpmKyzkyTjNjrhaA25A=="
  "resolved" "https://registry.npmjs.org/@nuxt/opencollective/-/opencollective-0.3.3.tgz"
  "version" "0.3.3"
  dependencies:
    "chalk" "^4.1.0"
    "consola" "^2.15.0"
    "node-fetch" "^2.6.7"

"ansi-regex@^5.0.1":
  "integrity" "sha512-quJQXlTSUGL2LH9SUXo8VwsY4soanhgo6LNSm84E1LBcE8s3O0wpdiRzyR9z/ZZJMlMWv37qOOb9pdJlMUEKFQ=="
  "resolved" "https://registry.npmjs.org/ansi-regex/-/ansi-regex-5.0.1.tgz"
  "version" "5.0.1"

"ansi-styles@^4.0.0", "ansi-styles@^4.1.0":
  "integrity" "sha512-zbB9rCJAT1rbjiVDb2hqKFHNYLxgtk8NURxZ3IZwD3F6NtxbXZQCnnSi1Lkx+IDohdPlFp222wVALIheZJQSEg=="
  "resolved" "https://registry.npmjs.org/ansi-styles/-/ansi-styles-4.3.0.tgz"
  "version" "4.3.0"
  dependencies:
    "color-convert" "^2.0.1"

"asynckit@^0.4.0":
  "integrity" "sha512-Oei9OH4tRh0YqU3GxhX79dM/mwVgvbZJaSNaRk+bshkj0S5cfHcgYakreBjrHwatXKbz+IoIdYLxrKim2MjW0Q=="
  "resolved" "https://registry.npmjs.org/asynckit/-/asynckit-0.4.0.tgz"
  "version" "0.4.0"

"axios@^0.27.2":
  "integrity" "sha512-t+yRIyySRTp/wua5xEr+z1q60QmLq8ABsS5O9Me1AsE5dfKqgnCFzwiCZZ/cGNd1lq4/7akDWMxdhVlucjmnOQ=="
  "resolved" "https://registry.npmjs.org/axios/-/axios-0.27.2.tgz"
  "version" "0.27.2"
  dependencies:
    "follow-redirects" "^1.14.9"
    "form-data" "^4.0.0"

"bootstrap-vue@^2.22.0":
  "integrity" "sha512-denjR/ae0K7Jrcqud3TrZWw0p/crtyigeGUNunWQ4t+KFi+7rzJ6j6lx1W5/gpUtSSUgNbWrXcHH4lIWXzXOOQ=="
  "resolved" "https://registry.npmjs.org/bootstrap-vue/-/bootstrap-vue-2.22.0.tgz"
  "version" "2.22.0"
  dependencies:
    "@nuxt/opencollective" "^0.3.2"
    "bootstrap" "^4.6.1"
    "popper.js" "^1.16.1"
    "portal-vue" "^2.1.7"
    "vue-functional-data-merge" "^3.1.0"

"bootstrap@^4.6.1":
  "integrity" "sha512-51Bbp/Uxr9aTuy6ca/8FbFloBUJZLHwnhTcnjIeRn2suQWsWzcuJhGjKDB5eppVte/8oCdOL3VuwxvZDUggwGQ=="
  "resolved" "https://registry.npmjs.org/bootstrap/-/bootstrap-4.6.2.tgz"
  "version" "4.6.2"

"call-bind@^1.0.2":
  "integrity" "sha512-7O+FbCihrB5WGbFYesctwmTKae6rOiIzmz1icreWJ+0aA7LJfuqhEso2T9ncpcFtzMQtzXf2QGGueWJGTYsqrA=="
  "resolved" "https://registry.npmjs.org/call-bind/-/call-bind-1.0.2.tgz"
  "version" "1.0.2"
  dependencies:
    "function-bind" "^1.1.1"
    "get-intrinsic" "^1.0.2"

"chalk@^4.1.0":
  "integrity" "sha512-oKnbhFyRIXpUuez8iBMmyEa4nbj4IOQyuhc/wy9kY7/WVPcwIO9VA668Pu8RkO7+0G76SLROeyw9CpQ061i4mA=="
  "resolved" "https://registry.npmjs.org/chalk/-/chalk-4.1.2.tgz"
  "version" "4.1.2"
  dependencies:
    "ansi-styles" "^4.1.0"
    "supports-color" "^7.1.0"

"classnames@^2.2.6":
  "integrity" "sha512-OlQdbZ7gLfGarSqxesMesDa5uz7KFbID8Kpq/SxIoNGDqY8lSYs0D+hhtBXhcdB3rcbXArFr7vlHheLk1voeNA=="
  "resolved" "https://registry.npmjs.org/classnames/-/classnames-2.3.1.tgz"
  "version" "2.3.1"

"cliui@^7.0.2":
  "integrity" "sha512-OcRE68cOsVMXp1Yvonl/fzkQOyjLSu/8bhPDfQt0e0/Eb283TKP20Fs2MqoPsr9SwA595rRCA+QMzYc9nBP+JQ=="
  "resolved" "https://registry.npmjs.org/cliui/-/cliui-7.0.4.tgz"
  "version" "7.0.4"
  dependencies:
    "string-width" "^4.2.0"
    "strip-ansi" "^6.0.0"
    "wrap-ansi" "^7.0.0"

"clone@^2.1.1":
  "integrity" "sha1-G39Ln1kfHo+DZwQBYANFoCiHQ18="
  "resolved" "https://registry.npmjs.org/clone/-/clone-2.1.2.tgz"
  "version" "2.1.2"

"color-convert@^2.0.1":
  "integrity" "sha512-RRECPsj7iu/xb5oKYcsFHSppFNnsj/52OVTRKb4zP5onXwVF3zVmmToNcOfGC+CRDpfK/U584fMg38ZHCaElKQ=="
  "resolved" "https://registry.npmjs.org/color-convert/-/color-convert-2.0.1.tgz"
  "version" "2.0.1"
  dependencies:
    "color-name" "~1.1.4"

"color-name@~1.1.4":
  "integrity" "sha512-dOy+3AuW3a2wNbZHIuMZpTcgjGuLU/uBL/ubcZF9OXbDo8ff4O8yVp5Bf0efS8uEoYo5q4Fx7dY9OgQGXgAsQA=="
  "resolved" "https://registry.npmjs.org/color-name/-/color-name-1.1.4.tgz"
  "version" "1.1.4"

"combined-stream@^1.0.8":
  "integrity" "sha512-FQN4MRfuJeHf7cBbBMJFXhKSDq+2kAArBlmRBvcvFE5BB1HZKXtSFASDhdlz9zOYwxh8lDdnvmMOe/+5cdoEdg=="
  "resolved" "https://registry.npmjs.org/combined-stream/-/combined-stream-1.0.8.tgz"
  "version" "1.0.8"
  dependencies:
    "delayed-stream" "~1.0.0"

"consola@^2.15.0":
  "integrity" "sha512-9vAdYbHj6x2fLKC4+oPH0kFzY/orMZyG2Aj+kNylHxKGJ/Ed4dpNyAQYwJOdqO4zdM7XpVHmyejQDcQHrnuXbw=="
  "resolved" "https://registry.npmjs.org/consola/-/consola-2.15.3.tgz"
  "version" "2.15.3"

"core-js@^3.19.1":
  "integrity" "sha512-UoGQ/cfzGYIuiq6Z7vWL1HfkE9U9IZ4Ub+0XSiJTCzvbZzgPA69oDF2f+lgJ6dFFLEdjW5O6svvoKzXX23xFkA=="
  "resolved" "https://registry.npmjs.org/core-js/-/core-js-3.22.8.tgz"
  "version" "3.22.8"

"core-util-is@~1.0.0":
  "integrity" "sha512-ZQBvi1DcpJ4GDqanjucZ2Hj3wEO5pZDS89BWbkcrvdxksJorwUDDZamX9ldFkp9aw2lmBDLgkObEA4DWNJ9FYQ=="
  "resolved" "https://registry.npmjs.org/core-util-is/-/core-util-is-1.0.3.tgz"
  "version" "1.0.3"

"date-fns@1.x":
  "integrity" "sha512-hBSVCvSmWC+QypYObzwGOd9wqdDpOt+0wl0KbU+R+uuZBS1jN8VsD1ss3irQDknRj5NvxiTF6oj/nDRnN/UQNw=="
  "resolved" "https://registry.npmjs.org/date-fns/-/date-fns-1.30.1.tgz"
  "version" "1.30.1"

"debounce@^1.2.0":
  "integrity" "sha512-XRRe6Glud4rd/ZGQfiV1ruXSfbvfJedlV9Y6zOlP+2K04vBYiJEte6stfFkCP03aMnY5tsipamumUjL14fofug=="
  "resolved" "https://registry.npmjs.org/debounce/-/debounce-1.2.1.tgz"
  "version" "1.2.1"

"deep-equal@^1.0.1":
  "integrity" "sha512-yd9c5AdiqVcR+JjcwUQb9DkhJc8ngNr0MahEBGvDiJw8puWab2yZlh+nkasOnZP+EGTAP6rRp2JzJhJZzvNF8g=="
  "resolved" "https://registry.npmjs.org/deep-equal/-/deep-equal-1.1.1.tgz"
  "version" "1.1.1"
  dependencies:
    "is-arguments" "^1.0.4"
    "is-date-object" "^1.0.1"
    "is-regex" "^1.0.4"
    "object-is" "^1.0.1"
    "object-keys" "^1.1.1"
    "regexp.prototype.flags" "^1.2.0"

"define-properties@^1.1.3":
  "integrity" "sha512-uckOqKcfaVvtBdsVkdPv3XjveQJsNQqmhXgRi8uhvWWuPYZCNlzT8qAyblUgNoXdHdjMTzAqeGjAoli8f+bzPA=="
  "resolved" "https://registry.npmjs.org/define-properties/-/define-properties-1.1.4.tgz"
  "version" "1.1.4"
  dependencies:
    "has-property-descriptors" "^1.0.0"
    "object-keys" "^1.1.1"

"delayed-stream@~1.0.0":
  "integrity" "sha512-ZySD7Nf91aLB0RxL4KGrKHBXl7Eds1DAmEdcoVawXnLD7SDhpNgtuII2aAkg7a7QS41jxPSZ17p4VdGnMHk3MQ=="
  "resolved" "https://registry.npmjs.org/delayed-stream/-/delayed-stream-1.0.0.tgz"
  "version" "1.0.0"

"devexpress-diagram@2.1.47":
  "integrity" "sha512-wU2NKTBChHvY/fBTmf7a2xrLwHFybpEtoPfvutqneresC0KR0IkmjvHJAFZ4zLNgQ93CLI0qVg2HUvux59NkcA=="
  "resolved" "https://registry.npmjs.org/devexpress-diagram/-/devexpress-diagram-2.1.47.tgz"
  "version" "2.1.47"
  dependencies:
    "@devexpress/utils" "1.3.13"
    "es6-object-assign" "^1.1.0"

"devexpress-gantt@4.0.13":
  "integrity" "sha512-OwoVBEyl8ozMCZ9PnIjQyhs0HjnRVPbnmngIFEofPuVuOhZQBZSh28toORuNMtq4qG1pg2axPa0Lh6Gn+OI6mg=="
  "resolved" "https://registry.npmjs.org/devexpress-gantt/-/devexpress-gantt-4.0.13.tgz"
  "version" "4.0.13"
  dependencies:
    "@devexpress/utils" "1.3.14"
    "tslib" "2.3.1"

"devextreme-quill@~1.5.13":
  "integrity" "sha512-ZaYpLZRMC3NkLzbKdIaJyG6b4mTWlFjJM4V68RN43qwl/SnMnes7WC1gMwP3CBdWuh7ObsXXTh+cMMSVqUSeLA=="
  "resolved" "https://registry.npmjs.org/devextreme-quill/-/devextreme-quill-1.5.16.tgz"
  "version" "1.5.16"
  dependencies:
    "core-js" "^3.19.1"
    "eventemitter3" "^4.0.0"
    "lodash.clonedeep" "^4.5.0"
    "lodash.isequal" "^4.5.0"
    "lodash.merge" "^4.5.0"
    "parchment" "2.0.0-dev.2"
    "quill-delta" "4.2.2"

"devextreme-showdown@^1.0.1":
  "integrity" "sha512-63zsdU3iGDp0E9TibxGwZPlS+l07/VvD/mlgZY30fEqz6J2kCsYCqyNKbhlgIvuz+yMtWcUXVYVOMpA2YBTgEg=="
  "resolved" "https://registry.npmjs.org/devextreme-showdown/-/devextreme-showdown-1.0.1.tgz"
  "version" "1.0.1"
  dependencies:
    "yargs" "^17.2.1"

"devextreme-vue@21.2.7":
  "integrity" "sha512-bJ+mM0LxwrZ/WTvKNiTXdZWsyR0s0ukvTXKlp9wju4H3QTPIDtSFG3dgfLNR3o3m/qHPWsEEkmboLn2oo3E0Xw=="
  "resolved" "https://registry.npmjs.org/devextreme-vue/-/devextreme-vue-21.2.7.tgz"
  "version" "21.2.7"

"devextreme@~21.2.7", "devextreme@21.2.7":
  "integrity" "sha512-h6F8pbhIQhMPyIRLcUvqiIl5uOshIqufbjUpnSS7GSFAhsBA6wa3MDpDFnAtR5nB9cKXmh/AmYatfLPGNsUViA=="
  "resolved" "https://registry.npmjs.org/devextreme/-/devextreme-21.2.7.tgz"
  "version" "21.2.7"
  dependencies:
    "@babel/runtime" "^7.12.1"
    "@devextreme/runtime" "~2.3.14"
    "devexpress-diagram" "2.1.47"
    "devexpress-gantt" "4.0.13"
    "devextreme-quill" "~1.5.13"
    "devextreme-showdown" "^1.0.1"
    "inferno" "^7.4.9"
    "inferno-compat" "^7.4.9"
    "inferno-create-element" "^7.4.9"
    "inferno-hydrate" "^7.4.9"
    "jszip" "^3.7.1"
    "rrule" "2.6.6"
    "turndown" "~7.0.0"

"domino@^2.1.6":
  "integrity" "sha512-3VdM/SXBZX2omc9JF9nOPCtDaYQ67BGp5CoLpIQlO2KCAPETs8TcDHacF26jXadGbvUteZzRTeos2fhID5+ucQ=="
  "resolved" "https://registry.npmjs.org/domino/-/domino-2.1.6.tgz"
  "version" "2.1.6"

"easy-bem@^1.0.2":
  "integrity" "sha512-GJRqdiy2h+EXy6a8E6R+ubmqUM08BK0FWNq41k24fup6045biQ8NXxoXimiwegMQvFFV3t1emADdGNL1TlS61A=="
  "resolved" "https://registry.npmjs.org/easy-bem/-/easy-bem-1.1.1.tgz"
  "version" "1.1.1"

"emoji-regex@^8.0.0":
  "integrity" "sha512-MSjYzcWNOA0ewAHpz0MxpYFvwg6yjy1NG3xteoqz644VCo/RPgnr1/GGt+ic3iJTzQ8Eu3TdM14SawnVUmGE6A=="
  "resolved" "https://registry.npmjs.org/emoji-regex/-/emoji-regex-8.0.0.tgz"
  "version" "8.0.0"

"es6-object-assign@^1.1.0":
  "integrity" "sha512-MEl9uirslVwqQU369iHNWZXsI8yaZYGg/D65aOgZkeyFJwHYSxilf7rQzXKI7DdDuBPrBXbfk3sl9hJhmd5AUw=="
  "resolved" "https://registry.npmjs.org/es6-object-assign/-/es6-object-assign-1.1.0.tgz"
  "version" "1.1.0"

"escalade@^3.1.1":
  "integrity" "sha512-k0er2gUkLf8O0zKJiAhmkTnJlTvINGv7ygDNPbeIsX/TJjGJZHuh9B2UxbsaEkmlEo9MfhrSzmhIlhRlI2GXnw=="
  "resolved" "https://registry.npmjs.org/escalade/-/escalade-3.1.1.tgz"
  "version" "3.1.1"

"eventemitter3@^2.0.3":
  "integrity" "sha1-teEHm1n7XhuidxwKmTvgYKWMmbo="
  "resolved" "https://registry.npmjs.org/eventemitter3/-/eventemitter3-2.0.3.tgz"
  "version" "2.0.3"

"eventemitter3@^4.0.0":
  "integrity" "sha512-8guHBZCwKnFhYdHr2ysuRWErTwhoN2X8XELRlrRwpmfeY2jjuUN4taQMsULKUVo1K4DvZl+0pgfyoysHxvmvEw=="
  "resolved" "https://registry.npmjs.org/eventemitter3/-/eventemitter3-4.0.7.tgz"
  "version" "4.0.7"

"extend@^3.0.1", "extend@^3.0.2":
  "integrity" "sha512-fjquC59cD7CyW6urNXK0FBufkZcoiGG80wTuPujX590cB5Ttln20E2UB4S/WARVqhXffZl2LNgS+gQdPIIim/g=="
  "resolved" "https://registry.npmjs.org/extend/-/extend-3.0.2.tgz"
  "version" "3.0.2"

"fast-diff@1.1.2":
  "integrity" "sha512-KaJUt+M9t1qaIteSvjc6P3RbMdXsNhK61GRftR6SNxqmhthcd9MGIi4T+o0jD8LUSpSnSKXE20nLtJ3fOHxQig=="
  "resolved" "https://registry.npmjs.org/fast-diff/-/fast-diff-1.1.2.tgz"
  "version" "1.1.2"

"fast-diff@1.2.0":
  "integrity" "sha512-xJuoT5+L99XlZ8twedaRf6Ax2TgQVxvgZOYoPKqZufmJib0tL2tegPBOZb1pVNgIhlqDlA0eO0c3wBvQcmzx4w=="
  "resolved" "https://registry.npmjs.org/fast-diff/-/fast-diff-1.2.0.tgz"
  "version" "1.2.0"

"follow-redirects@^1.14.9":
  "integrity" "sha512-yLAMQs+k0b2m7cVxpS1VKJVvoz7SS9Td1zss3XRwXj+ZDH00RJgnuLx7E44wx02kQLrdM3aOOy+FpzS7+8OizA=="
  "resolved" "https://registry.npmjs.org/follow-redirects/-/follow-redirects-1.15.1.tgz"
  "version" "1.15.1"

"form-data@^4.0.0":
  "integrity" "sha512-ETEklSGi5t0QMZuiXoA/Q6vcnxcLQP5vdugSpuAyi6SVGi2clPPp+xgEhuMaHC+zGgn31Kd235W35f7Hykkaww=="
  "resolved" "https://registry.npmjs.org/form-data/-/form-data-4.0.0.tgz"
  "version" "4.0.0"
  dependencies:
    "asynckit" "^0.4.0"
    "combined-stream" "^1.0.8"
    "mime-types" "^2.1.12"

"function-bind@^1.1.1":
  "integrity" "sha512-yIovAzMX49sF8Yl58fSCWJ5svSLuaibPxXQJFLmBObTuCr0Mf1KiPopGM9NiFjiYBCbfaa2Fh6breQ6ANVTI0A=="
  "resolved" "https://registry.npmjs.org/function-bind/-/function-bind-1.1.1.tgz"
  "version" "1.1.1"

"functions-have-names@^1.2.2":
  "integrity" "sha512-xckBUXyTIqT97tq2x2AMb+g163b5JFysYk0x4qxNFwbfQkmNZoiRHb6sPzI9/QV33WeuvVYBUIiD4NzNIyqaRQ=="
  "resolved" "https://registry.npmjs.org/functions-have-names/-/functions-have-names-1.2.3.tgz"
  "version" "1.2.3"

"get-caller-file@^2.0.5":
  "integrity" "sha512-DyFP3BM/3YHTQOCUL/w0OZHR0lpKeGrxotcHWcqNEdnltqFwXVfhEBQ94eIo34AfQpo0rGki4cyIiftY06h2Fg=="
  "resolved" "https://registry.npmjs.org/get-caller-file/-/get-caller-file-2.0.5.tgz"
  "version" "2.0.5"

"get-intrinsic@^1.0.2", "get-intrinsic@^1.1.1":
  "integrity" "sha512-kWZrnVM42QCiEA2Ig1bG8zjoIMOgxWwYCEeNdwY6Tv/cOSeGpcoX4pXHfKUxNKVoArnrEr2e9srnAxxGIraS9Q=="
  "resolved" "https://registry.npmjs.org/get-intrinsic/-/get-intrinsic-1.1.1.tgz"
  "version" "1.1.1"
  dependencies:
    "function-bind" "^1.1.1"
    "has" "^1.0.3"
    "has-symbols" "^1.0.1"

"has-flag@^4.0.0":
  "integrity" "sha512-EykJT/Q1KjTWctppgIAgfSO0tKVuZUjhgMr17kqTumMl6Afv3EISleU7qZUzoXDFTAHTDC4NOoG/ZxU3EvlMPQ=="
  "resolved" "https://registry.npmjs.org/has-flag/-/has-flag-4.0.0.tgz"
  "version" "4.0.0"

"has-property-descriptors@^1.0.0":
  "integrity" "sha512-62DVLZGoiEBDHQyqG4w9xCuZ7eJEwNmJRWw2VY84Oedb7WFcA27fiEVe8oUQx9hAUJ4ekurquucTGwsyO1XGdQ=="
  "resolved" "https://registry.npmjs.org/has-property-descriptors/-/has-property-descriptors-1.0.0.tgz"
  "version" "1.0.0"
  dependencies:
    "get-intrinsic" "^1.1.1"

"has-symbols@^1.0.1", "has-symbols@^1.0.2":
  "integrity" "sha512-l3LCuF6MgDNwTDKkdYGEihYjt5pRPbEg46rtlmnSPlUbgmB8LOIrKJbYYFBSbnPaJexMKtiPO8hmeRjRz2Td+A=="
  "resolved" "https://registry.npmjs.org/has-symbols/-/has-symbols-1.0.3.tgz"
  "version" "1.0.3"

"has-tostringtag@^1.0.0":
  "integrity" "sha512-kFjcSNhnlGV1kyoGk7OXKSawH5JOb/LzUc5w9B02hOTO0dfFRjbHQKvg1d6cf3HbeUmtU9VbbV3qzZ2Teh97WQ=="
  "resolved" "https://registry.npmjs.org/has-tostringtag/-/has-tostringtag-1.0.0.tgz"
  "version" "1.0.0"
  dependencies:
    "has-symbols" "^1.0.2"

"has@^1.0.3":
  "integrity" "sha512-f2dvO0VU6Oej7RkWJGrehjbzMAjFp5/VKPp5tTpWIV4JHHZK1/BxbFRtf/siA2SWTe09caDmVtYYzWEIbBS4zw=="
  "resolved" "https://registry.npmjs.org/has/-/has-1.0.3.tgz"
  "version" "1.0.3"
  dependencies:
    "function-bind" "^1.1.1"

"immediate@~3.0.5":
  "integrity" "sha512-XXOFtyqDjNDAQxVfYxuF7g9Il/IbWmmlQg2MYKOH8ExIT1qg6xc4zyS3HaEEATgs1btfzxq15ciUiY7gjSXRGQ=="
  "resolved" "https://registry.npmjs.org/immediate/-/immediate-3.0.6.tgz"
  "version" "3.0.6"

"inferno-clone-vnode@7.4.11":
  "integrity" "sha512-6/newyzWO/lrwcA9q5DBAfslccPWqhpgrDQg/wWiHKZwRBe1kJjtiALsR+/1wLq1Z+YO3L1MPnlEnFu+nltUbA=="
  "resolved" "https://registry.npmjs.org/inferno-clone-vnode/-/inferno-clone-vnode-7.4.11.tgz"
  "version" "7.4.11"
  dependencies:
    "inferno" "7.4.11"

"inferno-compat@^7.4.6", "inferno-compat@^7.4.9":
  "integrity" "sha512-gaF5yL6CpN1DckVzMN/eiPZqlkWIMjWtr6BCBJbpUF+hXE5bJ60xNrtTFNsu2ChbYtO96UPqUNfC2VBRMz+k9Q=="
  "resolved" "https://registry.npmjs.org/inferno-compat/-/inferno-compat-7.4.11.tgz"
  "version" "7.4.11"
  dependencies:
    "inferno" "7.4.11"
    "inferno-clone-vnode" "7.4.11"
    "inferno-create-class" "7.4.11"
    "inferno-create-element" "7.4.11"
    "inferno-extras" "7.4.11"

"inferno-create-class@7.4.11":
  "integrity" "sha512-03Z3Az7xOnMHq39QxMqns0NwOt8b7gW+fu50iKK4bRkgEy8Zaa5TH8hYDJ7dAwzDR6BbQ6kCyTXfVPPeQShdvA=="
  "resolved" "https://registry.npmjs.org/inferno-create-class/-/inferno-create-class-7.4.11.tgz"
  "version" "7.4.11"
  dependencies:
    "inferno" "7.4.11"

"inferno-create-element@^7.4.6", "inferno-create-element@^7.4.9", "inferno-create-element@7.4.11":
  "integrity" "sha512-kE6XIx2hPAd5qpDli2iGjNXgubvuyxdLvoiW71WnSzIIxA+Uxa/s8lY8m03VyHHVypFV3n329ZY5dFvKc7UQMg=="
  "resolved" "https://registry.npmjs.org/inferno-create-element/-/inferno-create-element-7.4.11.tgz"
  "version" "7.4.11"
  dependencies:
    "inferno" "7.4.11"

"inferno-extras@7.4.11":
  "integrity" "sha512-JS/irXQozH98zVDx7TEdhzPoRxVBrNFrDjZwQeZMV4wKEh1fqwSh4OBjlhBX6J4u+7UhZoGxx0KqlH1nky+fNQ=="
  "resolved" "https://registry.npmjs.org/inferno-extras/-/inferno-extras-7.4.11.tgz"
  "version" "7.4.11"
  dependencies:
    "inferno" "7.4.11"

"inferno-hydrate@^7.4.6", "inferno-hydrate@^7.4.9":
  "integrity" "sha512-hF9Ke4GHAkj8GQrMXBZPfsUqhq6WjkoDCAfXhPBuF1Wiceqyy8KerOOXEnuocHky77fuEXq0AzVnQcC064Bkfw=="
  "resolved" "https://registry.npmjs.org/inferno-hydrate/-/inferno-hydrate-7.4.11.tgz"
  "version" "7.4.11"
  dependencies:
    "inferno" "7.4.11"

"inferno-shared@7.4.11":
  "integrity" "sha512-pN725bDSTxkQmRS3e/3H02/xAqgHl+xgddCMjPm8M0etRdRcVCisi3NGPhzSbDDmiftrxhY31exs7+dwsngcDA=="
  "resolved" "https://registry.npmjs.org/inferno-shared/-/inferno-shared-7.4.11.tgz"
  "version" "7.4.11"

"inferno-vnode-flags@7.4.11":
  "integrity" "sha512-L7lslEQCq3IfwgT/b9zhuMf8fv6KXCNXXHZevk/WYxnqJsOWGDcKpJn0zkzXfvmj0otbB149iLUQVBq3oe2sfA=="
  "resolved" "https://registry.npmjs.org/inferno-vnode-flags/-/inferno-vnode-flags-7.4.11.tgz"
  "version" "7.4.11"

"inferno@^7.4.6", "inferno@^7.4.9", "inferno@7.4.11":
  "integrity" "sha512-N+cs33ESWI8fdToCd98yMRYl7jkLnCkJskxov3FKKlaKOvk3PRlAttbhmUaYdWXlRvt2WeXi+J4MbzNj3V6G0w=="
  "resolved" "https://registry.npmjs.org/inferno/-/inferno-7.4.11.tgz"
  "version" "7.4.11"
  dependencies:
    "inferno-shared" "7.4.11"
    "inferno-vnode-flags" "7.4.11"
    "opencollective-postinstall" "^2.0.3"

"inherits@~2.0.3":
  "integrity" "sha512-k/vGaX4/Yla3WzyMCvTQOXYeIHvqOKtnqBduzTHpzpQZzAskKMhZ2K+EnBiSM9zGSoIFeMpXKxa4dYeZIQqewQ=="
  "resolved" "https://registry.npmjs.org/inherits/-/inherits-2.0.4.tgz"
  "version" "2.0.4"

"is-arguments@^1.0.4":
  "integrity" "sha512-8Q7EARjzEnKpt/PCD7e1cgUS0a6X8u5tdSiMqXhojOdoV9TsMsiO+9VLC5vAmO8N7/GmXn7yjR8qnA6bVAEzfA=="
  "resolved" "https://registry.npmjs.org/is-arguments/-/is-arguments-1.1.1.tgz"
  "version" "1.1.1"
  dependencies:
    "call-bind" "^1.0.2"
    "has-tostringtag" "^1.0.0"

"is-date-object@^1.0.1":
  "integrity" "sha512-9YQaSxsAiSwcvS33MBk3wTCVnWK+HhF8VZR2jRxehM16QcVOdHqPn4VPHmRK4lSr38n9JriurInLcP90xsYNfQ=="
  "resolved" "https://registry.npmjs.org/is-date-object/-/is-date-object-1.0.5.tgz"
  "version" "1.0.5"
  dependencies:
    "has-tostringtag" "^1.0.0"

"is-fullwidth-code-point@^3.0.0":
  "integrity" "sha512-zymm5+u+sCsSWyD9qNaejV3DFvhCKclKdizYaJUuHA83RLjb7nSuGnddCHGv0hk+KY7BMAlsWeK4Ueg6EV6XQg=="
  "resolved" "https://registry.npmjs.org/is-fullwidth-code-point/-/is-fullwidth-code-point-3.0.0.tgz"
  "version" "3.0.0"

"is-regex@^1.0.4":
  "integrity" "sha512-kvRdxDsxZjhzUX07ZnLydzS1TU/TJlTUHHY4YLL87e37oUA49DfkLqgy+VjFocowy29cKvcSiu+kIv728jTTVg=="
  "resolved" "https://registry.npmjs.org/is-regex/-/is-regex-1.1.4.tgz"
  "version" "1.1.4"
  dependencies:
    "call-bind" "^1.0.2"
    "has-tostringtag" "^1.0.0"

"isarray@~1.0.0":
  "integrity" "sha512-VLghIWNM6ELQzo7zwmcg0NmTVyWKYjvIeM83yjp0wRDTmUnrM678fQbcKBo6n2CJEF0szoG//ytg+TKla89ALQ=="
  "resolved" "https://registry.npmjs.org/isarray/-/isarray-1.0.0.tgz"
  "version" "1.0.0"

"jquery@1.9.1 - 3":
  "integrity" "sha512-JVzAR/AjBvVt2BmYhxRCSYysDsPcssdmTFnzyLEts9qNwmjmu4JTAMYubEfwVOSwpQ1I1sKKFcxhZCI2buerfw=="
  "resolved" "https://registry.npmjs.org/jquery/-/jquery-3.6.0.tgz"
  "version" "3.6.0"

"jszip@^3.7.1":
  "integrity" "sha512-LDfVtOLtOxb9RXkYOwPyNBTQDL4eUbqahtoY6x07GiDJHwSYvn8sHHIw8wINImV3MqbMNve2gSuM1DDqEKk09Q=="
  "resolved" "https://registry.npmjs.org/jszip/-/jszip-3.10.0.tgz"
  "version" "3.10.0"
  dependencies:
    "lie" "~3.3.0"
    "pako" "~1.0.2"
    "readable-stream" "~2.3.6"
    "setimmediate" "^1.0.5"

"lie@~3.3.0":
  "integrity" "sha512-UaiMJzeWRlEujzAuw5LokY1L5ecNQYZKfmyZ9L7wDHb/p5etKaxXhohBcrw0EYby+G/NA52vRSN4N39dxHAIwQ=="
  "resolved" "https://registry.npmjs.org/lie/-/lie-3.3.0.tgz"
  "version" "3.3.0"
  dependencies:
    "immediate" "~3.0.5"

"lodash.clonedeep@^4.5.0":
  "integrity" "sha512-H5ZhCF25riFd9uB5UCkVKo61m3S/xZk1x4wA6yp/L3RFP6Z/eHH1ymQcGLo7J3GMPfm0V/7m1tryHuGVxpqEBQ=="
  "resolved" "https://registry.npmjs.org/lodash.clonedeep/-/lodash.clonedeep-4.5.0.tgz"
  "version" "4.5.0"

"lodash.isequal@^4.5.0":
  "integrity" "sha512-pDo3lu8Jhfjqls6GkMgpahsF9kCyayhgykjyLMNFTKWrpVdAQtYyB4muAMWozBB4ig/dtWAmsMxLEI8wuz+DYQ=="
  "resolved" "https://registry.npmjs.org/lodash.isequal/-/lodash.isequal-4.5.0.tgz"
  "version" "4.5.0"

"lodash.merge@^4.5.0":
  "integrity" "sha512-0KpjqXRVvrYyCsX1swR/XTK0va6VQkQM6MNo7PqW77ByjAhoARA8EfrP1N4+KlKj8YS0ZUCtRT/YUuhyYDujIQ=="
  "resolved" "https://registry.npmjs.org/lodash.merge/-/lodash.merge-4.6.2.tgz"
  "version" "4.6.2"

"luxon@^1.21.3":
  "integrity" "sha512-TfTiyvZhwBYM/7QdAVDh+7dBTBA29v4ik0Ce9zda3Mnf8on1S5KJI8P2jKFZ8+5C0jhmr0KwJEO/Wdpm0VeWJQ=="
  "resolved" "https://registry.npmjs.org/luxon/-/luxon-1.28.0.tgz"
  "version" "1.28.0"

"mime-db@1.52.0":
  "integrity" "sha512-sPU4uV7dYlvtWJxwwxHD0PuihVNiE7TyAbQ5SWxDCB9mUYvOgroQOwYQQOKPJ8CIbE+1ETVlOoK1UC2nU3gYvg=="
  "resolved" "https://registry.npmjs.org/mime-db/-/mime-db-1.52.0.tgz"
  "version" "1.52.0"

"mime-types@^2.1.12":
  "integrity" "sha512-ZDY+bPm5zTTF+YpCrAU9nK0UgICYPT0QtT1NZWFv4s++TNkcgVaT0g6+4R2uI4MjQjzysHB1zxuWL50hzaeXiw=="
  "resolved" "https://registry.npmjs.org/mime-types/-/mime-types-2.1.35.tgz"
  "version" "2.1.35"
  dependencies:
    "mime-db" "1.52.0"

"node-fetch@^2.6.7":
  "integrity" "sha512-ZjMPFEfVx5j+y2yF35Kzx5sF7kDzxuDj6ziH4FFbOp87zKDZNx8yExJIb05OGF4Nlt9IHFIMBkRl41VdvcNdbQ=="
  "resolved" "https://registry.npmjs.org/node-fetch/-/node-fetch-2.6.7.tgz"
  "version" "2.6.7"
  dependencies:
    "whatwg-url" "^5.0.0"

"object-is@^1.0.1":
  "integrity" "sha512-3cyDsyHgtmi7I7DfSSI2LDp6SK2lwvtbg0p0R1e0RvTqF5ceGx+K2dfSjm1bKDMVCFEDAQvy+o8c6a7VujOddw=="
  "resolved" "https://registry.npmjs.org/object-is/-/object-is-1.1.5.tgz"
  "version" "1.1.5"
  dependencies:
    "call-bind" "^1.0.2"
    "define-properties" "^1.1.3"

"object-keys@^1.1.1":
  "integrity" "sha512-NuAESUOUMrlIXOfHKzD6bpPu3tYt3xvjNdRIQ+FeT0lNb4K8WR70CaDxhuNguS2XG+GjkyMwOzsN5ZktImfhLA=="
  "resolved" "https://registry.npmjs.org/object-keys/-/object-keys-1.1.1.tgz"
  "version" "1.1.1"

"opencollective-postinstall@^2.0.3":
  "integrity" "sha512-8AV/sCtuzUeTo8gQK5qDZzARrulB3egtLzFgteqB2tcT4Mw7B8Kt7JcDHmltjz6FOAHsvTevk70gZEbhM4ZS9Q=="
  "resolved" "https://registry.npmjs.org/opencollective-postinstall/-/opencollective-postinstall-2.0.3.tgz"
  "version" "2.0.3"

"pako@~1.0.2":
  "integrity" "sha512-4hLB8Py4zZce5s4yd9XzopqwVv/yGNhV1Bl8NTmCq1763HeK2+EwVTv+leGeL13Dnh2wfbqowVPXCIO0z4taYw=="
  "resolved" "https://registry.npmjs.org/pako/-/pako-1.0.11.tgz"
  "version" "1.0.11"

"parchment@^1.1.4":
  "integrity" "sha512-J5FBQt/pM2inLzg4hEWmzQx/8h8D0CiDxaG3vyp9rKrQRSDgBlhjdP5jQGgosEajXPSQouXGHOmVdgo7QmJuOg=="
  "resolved" "https://registry.npmjs.org/parchment/-/parchment-1.1.4.tgz"
  "version" "1.1.4"

"parchment@2.0.0-dev.2":
  "integrity" "sha512-4fgRny4pPISoML08Zp7poi52Dff3E2G1ORTi2D/acJ/RiROdDAMDB6VcQNfBcmehrX5Wixp6dxh6JjLyE5yUNQ=="
  "resolved" "https://registry.npmjs.org/parchment/-/parchment-2.0.0-dev.2.tgz"
  "version" "2.0.0-dev.2"

"popper.js@^1.16.1":
  "integrity" "sha512-Wb4p1J4zyFTbM+u6WuO4XstYx4Ky9Cewe4DWrel7B0w6VVICvPwdOpotjzcf6eD8TsckVnIMNONQyPIUFOUbCQ=="
  "resolved" "https://registry.npmjs.org/popper.js/-/popper.js-1.16.1.tgz"
  "version" "1.16.1"

"portal-vue@^2.1.7":
  "integrity" "sha512-+yCno2oB3xA7irTt0EU5Ezw22L2J51uKAacE/6hMPMoO/mx3h4rXFkkBkT4GFsMDv/vEe8TNKC3ujJJ0PTwb6g=="
  "resolved" "https://registry.npmjs.org/portal-vue/-/portal-vue-2.1.7.tgz"
  "version" "2.1.7"

"process-nextick-args@~2.0.0":
  "integrity" "sha512-3ouUOpQhtgrbOa17J7+uxOTpITYWaGP7/AhoR3+A+/1e9skrzelGi/dXzEYyvbxubEF6Wn2ypscTKiKJFFn1ag=="
  "resolved" "https://registry.npmjs.org/process-nextick-args/-/process-nextick-args-2.0.1.tgz"
  "version" "2.0.1"

"quill-delta@^3.6.2":
  "integrity" "sha512-wdIGBlcX13tCHOXGMVnnTVFtGRLoP0imqxM696fIPwIf5ODIYUHIvHbZcyvGlZFiFhK5XzDC2lpjbxRhnM05Tg=="
  "resolved" "https://registry.npmjs.org/quill-delta/-/quill-delta-3.6.3.tgz"
  "version" "3.6.3"
  dependencies:
    "deep-equal" "^1.0.1"
    "extend" "^3.0.2"
    "fast-diff" "1.1.2"

"quill-delta@4.2.2":
  "integrity" "sha512-qjbn82b/yJzOjstBgkhtBjN2TNK+ZHP/BgUQO+j6bRhWQQdmj2lH6hXG7+nwwLF41Xgn//7/83lxs9n2BkTtTg=="
  "resolved" "https://registry.npmjs.org/quill-delta/-/quill-delta-4.2.2.tgz"
  "version" "4.2.2"
  dependencies:
    "fast-diff" "1.2.0"
    "lodash.clonedeep" "^4.5.0"
    "lodash.isequal" "^4.5.0"

"quill@^1.3.6":
  "integrity" "sha512-K0mvhimWZN6s+9OQ249CH2IEPZ9JmkFuCQeHAOQax3EZ2nDJ3wfGh59mnlQaZV2i7u8eFarx6wAtvQKgShojug=="
  "resolved" "https://registry.npmjs.org/quill/-/quill-1.3.6.tgz"
  "version" "1.3.6"
  dependencies:
    "clone" "^2.1.1"
    "deep-equal" "^1.0.1"
    "eventemitter3" "^2.0.3"
    "extend" "^3.0.1"
    "parchment" "^1.1.4"
    "quill-delta" "^3.6.2"

"readable-stream@~2.3.6":
  "integrity" "sha512-Ebho8K4jIbHAxnuxi7o42OrZgF/ZTNcsZj6nRKyUmkhLFq8CHItp/fy6hQZuZmP/n3yZ9VBUbp4zz/mX8hmYPw=="
  "resolved" "https://registry.npmjs.org/readable-stream/-/readable-stream-2.3.7.tgz"
  "version" "2.3.7"
  dependencies:
    "core-util-is" "~1.0.0"
    "inherits" "~2.0.3"
    "isarray" "~1.0.0"
    "process-nextick-args" "~2.0.0"
    "safe-buffer" "~5.1.1"
    "string_decoder" "~1.1.1"
    "util-deprecate" "~1.0.1"

"regenerator-runtime@^0.13.4":
  "integrity" "sha512-p3VT+cOEgxFsRRA9X4lkI1E+k2/CtnKtU4gcxyaCUreilL/vqI6CdZ3wxVUx3UOUg+gnUOQQcRI7BmSI656MYA=="
  "resolved" "https://registry.npmjs.org/regenerator-runtime/-/regenerator-runtime-0.13.9.tgz"
  "version" "0.13.9"

"regexp.prototype.flags@^1.2.0":
  "integrity" "sha512-fjggEOO3slI6Wvgjwflkc4NFRCTZAu5CnNfBd5qOMYhWdn67nJBBu34/TkD++eeFmd8C9r9jfXJ27+nSiRkSUA=="
  "resolved" "https://registry.npmjs.org/regexp.prototype.flags/-/regexp.prototype.flags-1.4.3.tgz"
  "version" "1.4.3"
  dependencies:
    "call-bind" "^1.0.2"
    "define-properties" "^1.1.3"
    "functions-have-names" "^1.2.2"

"require-directory@^2.1.1":
  "integrity" "sha1-jGStX9MNqxyXbiNE/+f3kqam30I="
  "resolved" "https://registry.npmjs.org/require-directory/-/require-directory-2.1.1.tgz"
  "version" "2.1.1"

"rrule@2.6.6":
  "integrity" "sha512-h6tb/hRo9SNv8xKjcvsEfdmhXvElMXsU3Yz0KmqMehUqxP6a4Qjmth2EuL1FsjdawADjajLS0eBbWfsZzn3SIw=="
  "resolved" "https://registry.npmjs.org/rrule/-/rrule-2.6.6.tgz"
  "version" "2.6.6"
  dependencies:
    "tslib" "^1.10.0"
  optionalDependencies:
    "luxon" "^1.21.3"

"rxjs@^6.5.3":
  "integrity" "sha512-hTdwr+7yYNIT5n4AMYp85KA6yw2Va0FLa3Rguvbpa4W3I5xynaBZo41cM3XM+4Q6fRMj3sBYIR1VAmZMXYJvRQ=="
  "resolved" "https://registry.npmjs.org/rxjs/-/rxjs-6.6.7.tgz"
  "version" "6.6.7"
  dependencies:
    "tslib" "^1.9.0"

"safe-buffer@~5.1.0", "safe-buffer@~5.1.1":
  "integrity" "sha512-Gd2UZBJDkXlY7GbJxfsE8/nvKkUEU1G38c1siN6QP6a9PT9MmHB8GnpscSmMJSoF8LOIrt8ud/wPtojys4G6+g=="
  "resolved" "https://registry.npmjs.org/safe-buffer/-/safe-buffer-5.1.2.tgz"
  "version" "5.1.2"

"setimmediate@^1.0.5":
  "integrity" "sha1-KQy7Iy4waULX1+qbg3Mqt4VvgoU="
  "resolved" "https://registry.npmjs.org/setimmediate/-/setimmediate-1.0.5.tgz"
  "version" "1.0.5"

"sortablejs@1.10.2":
  "integrity" "sha512-YkPGufevysvfwn5rfdlGyrGjt7/CRHwvRPogD/lC+TnvcN29jDpCifKP+rBqf+LRldfXSTh+0CGLcSg0VIxq3A=="
  "resolved" "https://registry.npmjs.org/sortablejs/-/sortablejs-1.10.2.tgz"
  "version" "1.10.2"

"string_decoder@~1.1.1":
  "integrity" "sha512-n/ShnvDi6FHbbVfviro+WojiFzv+s8MPMHBczVePfUpDJLwoLT0ht1l4YwBCbi8pJAveEEdnkHyPyTP/mzRfwg=="
  "resolved" "https://registry.npmjs.org/string_decoder/-/string_decoder-1.1.1.tgz"
  "version" "1.1.1"
  dependencies:
    "safe-buffer" "~5.1.0"

"string-width@^4.1.0", "string-width@^4.2.0", "string-width@^4.2.3":
  "integrity" "sha512-wKyQRQpjJ0sIp62ErSZdGsjMJWsap5oRNihHhu6G7JVO/9jIB6UyevL+tXuOqrng8j/cxKTWyWUwvSTriiZz/g=="
  "resolved" "https://registry.npmjs.org/string-width/-/string-width-4.2.3.tgz"
  "version" "4.2.3"
  dependencies:
    "emoji-regex" "^8.0.0"
    "is-fullwidth-code-point" "^3.0.0"
    "strip-ansi" "^6.0.1"

"strip-ansi@^6.0.0", "strip-ansi@^6.0.1":
  "integrity" "sha512-Y38VPSHcqkFrCpFnQ9vuSXmquuv5oXOKpGeT6aGrr3o3Gc9AlVa6JBfUSOCnbxGGZF+/0ooI7KrPuUSztUdU5A=="
  "resolved" "https://registry.npmjs.org/strip-ansi/-/strip-ansi-6.0.1.tgz"
  "version" "6.0.1"
  dependencies:
    "ansi-regex" "^5.0.1"

"supports-color@^7.1.0":
  "integrity" "sha512-qpCAvRl9stuOHveKsn7HncJRvv501qIacKzQlO/+Lwxc9+0q2wLyv4Dfvt80/DPn2pqOBsJdDiogXGR9+OvwRw=="
  "resolved" "https://registry.npmjs.org/supports-color/-/supports-color-7.2.0.tgz"
  "version" "7.2.0"
  dependencies:
    "has-flag" "^4.0.0"

"tr46@~0.0.3":
  "integrity" "sha512-N3WMsuqV66lT30CrXNbEjx4GEwlow3v6rr4mCcv6prnfwhS01rkgyFdjPNBYd9br7LpXV1+Emh01fHnq2Gdgrw=="
  "resolved" "https://registry.npmjs.org/tr46/-/tr46-0.0.3.tgz"
  "version" "0.0.3"

"tslib@^1.10.0":
  "integrity" "sha512-Xni35NKzjgMrwevysHTCArtLDpPvye8zV/0E4EyYn43P7/7qvQwPh9BGkHewbMulVntbigmcT7rdX3BNo9wRJg=="
  "resolved" "https://registry.npmjs.org/tslib/-/tslib-1.14.1.tgz"
  "version" "1.14.1"

"tslib@^1.9.0":
  "integrity" "sha512-Xni35NKzjgMrwevysHTCArtLDpPvye8zV/0E4EyYn43P7/7qvQwPh9BGkHewbMulVntbigmcT7rdX3BNo9wRJg=="
  "resolved" "https://registry.npmjs.org/tslib/-/tslib-1.14.1.tgz"
  "version" "1.14.1"

"tslib@^2.0.0", "tslib@^2.3.0":
  "integrity" "sha512-d6xOpEDfsi2CZVlPQzGeux8XMwLT9hssAsaPYExaQMuYskwb+x1x7J371tWlbBdWHroy99KnVB6qIkUbs5X3UQ=="
  "resolved" "https://registry.npmjs.org/tslib/-/tslib-2.4.0.tgz"
  "version" "2.4.0"

"tslib@2.0.1":
  "integrity" "sha512-SgIkNheinmEBgx1IUNirK0TUD4X9yjjBRTqqjggWCU3pUEqIk3/Uwl3yRixYKT6WjQuGiwDv4NomL3wqRCj+CQ=="
  "resolved" "https://registry.npmjs.org/tslib/-/tslib-2.0.1.tgz"
  "version" "2.0.1"

"tslib@2.3.1":
  "integrity" "sha512-77EbyPPpMz+FRFRuAFlWMtmgUWGe9UOG2Z25NqCwiIjRhOf5iKGuzSe5P2w1laq+FkRy4p+PCuVkJSGkzTEKVw=="
  "resolved" "https://registry.npmjs.org/tslib/-/tslib-2.3.1.tgz"
  "version" "2.3.1"

"turndown@~7.0.0":
  "integrity" "sha512-G1FfxfR0mUNMeGjszLYl3kxtopC4O9DRRiMlMDDVHvU1jaBkGFg4qxIyjIk2aiKLHyDyZvZyu4qBO2guuYBy3Q=="
  "resolved" "https://registry.npmjs.org/turndown/-/turndown-7.0.0.tgz"
  "version" "7.0.0"
  dependencies:
    "domino" "^2.1.6"

"util-deprecate@~1.0.1":
  "integrity" "sha1-RQ1Nyfpw3nMnYvvS1KKJgUGaDM8="
  "resolved" "https://registry.npmjs.org/util-deprecate/-/util-deprecate-1.0.2.tgz"
  "version" "1.0.2"

"v-click-outside@^2.0.1":
  "integrity" "sha512-VPNCOTZK6WZy73lcWc+R7IW1uaBFEO3/Csrs5CzWVOdvE30V8Y1+BE/BtTlcEmeDGx0eqdE7bSCg55Jj37PMJg=="
  "resolved" "https://registry.npmjs.org/v-click-outside/-/v-click-outside-2.1.5.tgz"
  "version" "2.1.5"

"vue-advanced-cropper@^1.8.2":
  "integrity" "sha512-dngjbph+QbqLpk4DWCoCajWcThyy08NorFhMcmrnGFJvdxTFiuJ+XjOtrXhNpDdl7U6E/csrkx6i6E8V+BwmoQ=="
  "resolved" "https://registry.npmjs.org/vue-advanced-cropper/-/vue-advanced-cropper-1.8.2.tgz"
  "version" "1.8.2"
  dependencies:
    "classnames" "^2.2.6"
    "debounce" "^1.2.0"
    "easy-bem" "^1.0.2"

"vue-airbnb-style-datepicker@^2.7.1":
  "integrity" "sha512-3ipqsZvP0OwIleX1NKsxl+Swi6BaU7BHee1+7OHL+FrmVodbhzfoVt5tbCodA3DFpDiWTRdGa+Tt/LhSAf+DmQ=="
  "resolved" "https://registry.npmjs.org/vue-airbnb-style-datepicker/-/vue-airbnb-style-datepicker-2.7.1.tgz"
  "version" "2.7.1"
  dependencies:
    "v-click-outside" "^2.0.1"

"vue-functional-data-merge@^3.1.0":
  "integrity" "sha512-leT4kdJVQyeZNY1kmnS1xiUlQ9z1B/kdBFCILIjYYQDqZgLqCLa0UhjSSeRX6c3mUe6U5qYeM8LrEqkHJ1B4LA=="
  "resolved" "https://registry.npmjs.org/vue-functional-data-merge/-/vue-functional-data-merge-3.1.0.tgz"
  "version" "3.1.0"

"vue@^2.5.16 || ^3.0.0", "vue@^2.5.18", "vue@^2.6.14", "vue@^2.6.6", "vue@>=2.0.0", "vue@2.x":
  "integrity" "sha512-x2284lgYvjOMj3Za7kqzRcUSxBboHqtgRE2zlos1qWaOye5yUmHn42LB1250NJBLRwEcdrB0JRwyPTEPhfQjiQ=="
  "resolved" "https://registry.npmjs.org/vue/-/vue-2.6.14.tgz"
  "version" "2.6.14"

"vuedraggable@^2.24.3":
  "integrity" "sha512-6/HDXi92GzB+Hcs9fC6PAAozK1RLt1ewPTLjK0anTYguXLAeySDmcnqE8IC0xa7shvSzRjQXq3/+dsZ7ETGF3g=="
  "resolved" "https://registry.npmjs.org/vuedraggable/-/vuedraggable-2.24.3.tgz"
  "version" "2.24.3"
  dependencies:
    "sortablejs" "1.10.2"

"vuejs-paginate@^2.1.0":
  "integrity" "sha512-gnwyXlmCiDOu9MLWxN5UJ4PGijKGNOMpHG8ujsrynCzTJljn/rp7Jq0WiDGDAMi5/u0AHuYIHhced+tUW4jblA=="
  "resolved" "https://registry.npmjs.org/vuejs-paginate/-/vuejs-paginate-2.1.0.tgz"
  "version" "2.1.0"

"webidl-conversions@^3.0.0":
  "integrity" "sha512-2JAn3z8AR6rjK8Sm8orRC0h/bcl/DqL7tRPdGZ4I1CjdF+EaMLmYxBHyXuKL849eucPFhvBoxMsflfOb8kxaeQ=="
  "resolved" "https://registry.npmjs.org/webidl-conversions/-/webidl-conversions-3.0.1.tgz"
  "version" "3.0.1"

"whatwg-url@^5.0.0":
  "integrity" "sha512-saE57nupxk6v3HY35+jzBwYa0rKSy0XR8JSxZPwgLr7ys0IBzhGviA1/TUGJLmSVqs8pb9AnvICXEuOHLprYTw=="
  "resolved" "https://registry.npmjs.org/whatwg-url/-/whatwg-url-5.0.0.tgz"
  "version" "5.0.0"
  dependencies:
    "tr46" "~0.0.3"
    "webidl-conversions" "^3.0.0"

"wrap-ansi@^7.0.0":
  "integrity" "sha512-YVGIj2kamLSTxw6NsZjoBxfSwsn0ycdesmc4p+Q21c5zPuZ1pl+NfxVdxPtdHvmNVOQ6XSYG4AUtyt/Fi7D16Q=="
  "resolved" "https://registry.npmjs.org/wrap-ansi/-/wrap-ansi-7.0.0.tgz"
  "version" "7.0.0"
  dependencies:
    "ansi-styles" "^4.0.0"
    "string-width" "^4.1.0"
    "strip-ansi" "^6.0.0"

"y18n@^5.0.5":
  "integrity" "sha512-0pfFzegeDWJHJIAmTLRP2DwHjdF5s7jo9tuztdQxAhINCdvS+3nGINqPd00AphqJR/0LhANUS6/+7SCb98YOfA=="
  "resolved" "https://registry.npmjs.org/y18n/-/y18n-5.0.8.tgz"
  "version" "5.0.8"

"yargs-parser@^21.0.0":
  "integrity" "sha512-9BK1jFpLzJROCI5TzwZL/TU4gqjK5xiHV/RfWLOahrjAko/e4DJkRDZQXfvqAsiZzzYhgAzbgz6lg48jcm4GLg=="
  "resolved" "https://registry.npmjs.org/yargs-parser/-/yargs-parser-21.0.1.tgz"
  "version" "21.0.1"

"yargs@^17.2.1":
  "integrity" "sha512-t6YAJcxDkNX7NFYiVtKvWUz8l+PaKTLiL63mJYWR2GnHq2gjEWISzsLp9wg3aY36dY1j+gfIEL3pIF+XlJJfbA=="
  "resolved" "https://registry.npmjs.org/yargs/-/yargs-17.5.1.tgz"
  "version" "17.5.1"
  dependencies:
    "cliui" "^7.0.2"
    "escalade" "^3.1.1"
    "get-caller-file" "^2.0.5"
    "require-directory" "^2.1.1"
    "string-width" "^4.2.3"
    "y18n" "^5.0.5"
    "yargs-parser" "^21.0.0"

"zone.js@^0.10.2 || ^0.11.3":
  "integrity" "sha512-D1/7VxEuQ7xk6z/kAROe4SUbd9CzxY4zOwVGnGHerd/SgLIVU5f4esDzQUsOCeArn933BZfWMKydH7l7dPEp0g=="
  "resolved" "https://registry.npmjs.org/zone.js/-/zone.js-0.11.5.tgz"
  "version" "0.11.5"
  dependencies:
    "tslib" "^2.3.0"
